
Microsoft Visual Studio Solution File, Format Version 12.00
# Visual Studio 15
VisualStudioVersion = 15.0.26430.13
MinimumVisualStudioVersion = 10.0.40219.1
Project("{2150E333-8FDC-42A3-9474-1A3956D46DE8}") = "src", "src", "{6B2CF033-1E82-47E7-96DD-7A8EC7180C6D}"
EndProject
Project("{2150E333-8FDC-42A3-9474-1A3956D46DE8}") = "test", "test", "{13354531-89B1-4D06-AD9D-8C035FD453A0}"
EndProject
Project("{9A19103F-16F7-4668-BE54-9A1E7A4F7556}") = "System.Distribution", "src\c-sharp\System.Distribution\System.Distribution.csproj", "{838E2496-3CAD-437D-9F4F-D47094DCE0A6}"
EndProject
Project("{9A19103F-16F7-4668-BE54-9A1E7A4F7556}") = "System.Distribution.Tests", "tests\c-sharp\System.Distribution.Tests\System.Distribution.Tests.csproj", "{FF3CE9E4-32F0-4CFD-84DC-A199C306509E}"
EndProject
Global
	GlobalSection(SolutionConfigurationPlatforms) = preSolution
		Debug|Any CPU = Debug|Any CPU
		Release|Any CPU = Release|Any CPU
	EndGlobalSection
	GlobalSection(ProjectConfigurationPlatforms) = postSolution
		{838E2496-3CAD-437D-9F4F-D47094DCE0A6}.Debug|Any CPU.ActiveCfg = Debug|Any CPU
		{838E2496-3CAD-437D-9F4F-D47094DCE0A6}.Debug|Any CPU.Build.0 = Debug|Any CPU
		{838E2496-3CAD-437D-9F4F-D47094DCE0A6}.Release|Any CPU.ActiveCfg = Release|Any CPU
		{838E2496-3CAD-437D-9F4F-D47094DCE0A6}.Release|Any CPU.Build.0 = Release|Any CPU
		{FF3CE9E4-32F0-4CFD-84DC-A199C306509E}.Debug|Any CPU.ActiveCfg = Debug|Any CPU
		{FF3CE9E4-32F0-4CFD-84DC-A199C306509E}.Debug|Any CPU.Build.0 = Debug|Any CPU
		{FF3CE9E4-32F0-4CFD-84DC-A199C306509E}.Release|Any CPU.ActiveCfg = Release|Any CPU
		{FF3CE9E4-32F0-4CFD-84DC-A199C306509E}.Release|Any CPU.Build.0 = Release|Any CPU
	EndGlobalSection
	GlobalSection(SolutionProperties) = preSolution
		HideSolutionNode = FALSE
	EndGlobalSection
	GlobalSection(NestedProjects) = preSolution
		{838E2496-3CAD-437D-9F4F-D47094DCE0A6} = {6B2CF033-1E82-47E7-96DD-7A8EC7180C6D}
		{FF3CE9E4-32F0-4CFD-84DC-A199C306509E} = {13354531-89B1-4D06-AD9D-8C035FD453A0}
	EndGlobalSection
EndGlobal
